
Microsoft Visual Studio Solution File, Format Version 12.00
# Visual Studio Version 17
VisualStudioVersion = 17.12.35323.107
MinimumVisualStudioVersion = 10.0.40219.1
Project("{FAE04EC0-301F-11D3-BF4B-00C04F79EFBC}") = "WebApp", "WebApp\WebApp.csproj", "{E6398911-440A-447B-A978-25542C647F3B}"
EndProject
Global
	GlobalSection(SolutionConfigurationPlatforms) = preSolution
		Debug|Any CPU = Debug|Any CPU
		Release|Any CPU = Release|Any CPU
	EndGlobalSection
	GlobalSection(ProjectConfigurationPlatforms) = postSolution
		{E6398911-440A-447B-A978-25542C647F3B}.Debug|Any CPU.ActiveCfg = Debug|Any CPU
		{E6398911-440A-447B-A978-25542C647F3B}.Debug|Any CPU.Build.0 = Debug|Any CPU
		{E6398911-440A-447B-A978-25542C647F3B}.Release|Any CPU.ActiveCfg = Release|Any CPU
		{E6398911-440A-447B-A978-25542C647F3B}.Release|Any CPU.Build.0 = Release|Any CPU
	EndGlobalSection
	GlobalSection(SolutionProperties) = preSolution
		HideSolutionNode = FALSE
	EndGlobalSection
	GlobalSection(ExtensibilityGlobals) = postSolution
		SolutionGuid = {3A4BAC39-3865-4904-B288-4193A20AD0BC}
	EndGlobalSection
EndGlobal
