
Microsoft Visual Studio Solution File, Format Version 12.00
# Visual Studio Version 17
VisualStudioVersion = 17.12.35323.107
MinimumVisualStudioVersion = 10.0.40219.1
Project("{FAE04EC0-301F-11D3-BF4B-00C04F79EFBC}") = "WebApi", "WebApi\WebApi.csproj", "{853DC583-797D-4FD4-9DC2-3743364D4ECF}"
EndProject
Global
	GlobalSection(SolutionConfigurationPlatforms) = preSolution
		Debug|Any CPU = Debug|Any CPU
		Release|Any CPU = Release|Any CPU
	EndGlobalSection
	GlobalSection(ProjectConfigurationPlatforms) = postSolution
		{853DC583-797D-4FD4-9DC2-3743364D4ECF}.Debug|Any CPU.ActiveCfg = Debug|Any CPU
		{853DC583-797D-4FD4-9DC2-3743364D4ECF}.Debug|Any CPU.Build.0 = Debug|Any CPU
		{853DC583-797D-4FD4-9DC2-3743364D4ECF}.Release|Any CPU.ActiveCfg = Release|Any CPU
		{853DC583-797D-4FD4-9DC2-3743364D4ECF}.Release|Any CPU.Build.0 = Release|Any CPU
	EndGlobalSection
	GlobalSection(SolutionProperties) = preSolution
		HideSolutionNode = FALSE
	EndGlobalSection
	GlobalSection(ExtensibilityGlobals) = postSolution
		SolutionGuid = {46487C44-C829-46D9-AD6A-704A2B693DDE}
	EndGlobalSection
EndGlobal
